
Microsoft Visual Studio Solution File, Format Version 12.00
# Visual Studio Version 16
VisualStudioVersion = 16.0.29905.134
MinimumVisualStudioVersion = 10.0.40219.1
Project("{FAE04EC0-301F-11D3-BF4B-00C04F79EFBC}") = "HarcosokApplication", "HarcosokApplication\HarcosokApplication.csproj", "{ED2077AA-57F9-46F9-AC9D-FFE882C61F22}"
EndProject
Global
	GlobalSection(SolutionConfigurationPlatforms) = preSolution
		Debug|Any CPU = Debug|Any CPU
		Release|Any CPU = Release|Any CPU
	EndGlobalSection
	GlobalSection(ProjectConfigurationPlatforms) = postSolution
		{ED2077AA-57F9-46F9-AC9D-FFE882C61F22}.Debug|Any CPU.ActiveCfg = Debug|Any CPU
		{ED2077AA-57F9-46F9-AC9D-FFE882C61F22}.Debug|Any CPU.Build.0 = Debug|Any CPU
		{ED2077AA-57F9-46F9-AC9D-FFE882C61F22}.Release|Any CPU.ActiveCfg = Release|Any CPU
		{ED2077AA-57F9-46F9-AC9D-FFE882C61F22}.Release|Any CPU.Build.0 = Release|Any CPU
	EndGlobalSection
	GlobalSection(SolutionProperties) = preSolution
		HideSolutionNode = FALSE
	EndGlobalSection
	GlobalSection(ExtensibilityGlobals) = postSolution
		SolutionGuid = {A48E861D-2E6B-43E4-BE88-A2648084D749}
	EndGlobalSection
EndGlobal
